
Microsoft Visual Studio Solution File, Format Version 12.00
# Visual Studio Version 17
VisualStudioVersion = 17.4.33103.184
MinimumVisualStudioVersion = 10.0.40219.1
Project("{FAE04EC0-301F-11D3-BF4B-00C04F79EFBC}") = "CustomerManagement", "CustomerManagement\CustomerManagement.csproj", "{ED94EA35-678D-4758-8370-48873BFDD5E2}"
EndProject
Global
	GlobalSection(SolutionConfigurationPlatforms) = preSolution
		Debug|Any CPU = Debug|Any CPU
		Release|Any CPU = Release|Any CPU
	EndGlobalSection
	GlobalSection(ProjectConfigurationPlatforms) = postSolution
		{ED94EA35-678D-4758-8370-48873BFDD5E2}.Debug|Any CPU.ActiveCfg = Debug|Any CPU
		{ED94EA35-678D-4758-8370-48873BFDD5E2}.Debug|Any CPU.Build.0 = Debug|Any CPU
		{ED94EA35-678D-4758-8370-48873BFDD5E2}.Release|Any CPU.ActiveCfg = Release|Any CPU
		{ED94EA35-678D-4758-8370-48873BFDD5E2}.Release|Any CPU.Build.0 = Release|Any CPU
	EndGlobalSection
	GlobalSection(SolutionProperties) = preSolution
		HideSolutionNode = FALSE
	EndGlobalSection
	GlobalSection(ExtensibilityGlobals) = postSolution
		SolutionGuid = {E3062230-3B39-4974-9307-4C6B5B4F1CAE}
	EndGlobalSection
EndGlobal
